<?xml version="1.0" encoding="utf-8"?>
<Project ToolsVersion="4.0" xmlns="http://schemas.microsoft.com/developer/msbuild/2003">
  <ItemGroup>
    <Filter Include="소스 파일">
      <UniqueIdentifier>{4FC737F1-C7A5-4376-A066-2A32D752A2FF}</UniqueIdentifier>
      <Extensions>cpp;c;cc;cxx;def;odl;idl;hpj;bat;asm;asmx</Extensions>
    </Filter>
    <Filter Include="헤더 파일">
      <UniqueIdentifier>{93995380-89BD-4b04-88EB-625FBE52EBFB}</UniqueIdentifier>
      <Extensions>h;hh;hpp;hxx;hm;inl;inc;ipp;xsd</Extensions>
    </Filter>
    <Filter Include="리소스 파일">
      <UniqueIdentifier>{67DA6AB6-F800-4c08-8B7A-83BB121AAD01}</UniqueIdentifier>
      <Extensions>rc;ico;cur;bmp;dlg;rc2;rct;bin;rgs;gif;jpg;jpeg;jpe;resx;tiff;tif;png;wav;mfcribbon-ms</Extensions>
    </Filter>
    <Filter Include="소스 파일\API">
      <UniqueIdentifier>{d1137f55-7176-40cb-9d1a-5f0311e9f03b}</UniqueIdentifier>
    </Filter>
    <Filter Include="소스 파일\실습">
      <UniqueIdentifier>{ee7445ff-44eb-4dd8-a170-3db216f2860e}</UniqueIdentifier>
    </Filter>
  </ItemGroup>
  <ItemGroup>
    <ClCompile Include="BoxApp.cpp">
      <Filter>소스 파일</Filter>
    </ClCompile>
    <ClCompile Include="..\d3d12book\Common\Camera.cpp">
      <Filter>소스 파일\API</Filter>
    </ClCompile>
    <ClCompile Include="..\d3d12book\Common\d3dApp.cpp">
      <Filter>소스 파일\API</Filter>
    </ClCompile>
    <ClCompile Include="..\d3d12book\Common\d3dUtil.cpp">
      <Filter>소스 파일\API</Filter>
    </ClCompile>
    <ClCompile Include="..\d3d12book\Common\DDSTextureLoader.cpp">
      <Filter>소스 파일\API</Filter>
    </ClCompile>
    <ClCompile Include="..\d3d12book\Common\GameTimer.cpp">
      <Filter>소스 파일\API</Filter>
    </ClCompile>
    <ClCompile Include="..\d3d12book\Common\GeometryGenerator.cpp">
      <Filter>소스 파일\API</Filter>
    </ClCompile>
    <ClCompile Include="..\d3d12book\Common\MathHelper.cpp">
      <Filter>소스 파일\API</Filter>
    </ClCompile>
    <ClCompile Include="Chap2_matrixAlgebra.cpp">
      <Filter>소스 파일</Filter>
    </ClCompile>
    <ClCompile Include="Chap1_vertorAlgebra.cpp">
      <Filter>소스 파일</Filter>
    </ClCompile>
    <ClCompile Include="..\실습코드\Chap2_matrix_determinant_and_inverse.cpp">
      <Filter>소스 파일\실습</Filter>
    </ClCompile>
  </ItemGroup>
  <ItemGroup>
    <ClInclude Include="..\d3d12book\Common\Camera.h">
      <Filter>헤더 파일</Filter>
    </ClInclude>
    <ClInclude Include="..\d3d12book\Common\d3dApp.h">
      <Filter>헤더 파일</Filter>
    </ClInclude>
    <ClInclude Include="..\d3d12book\Common\d3dUtil.h">
      <Filter>헤더 파일</Filter>
    </ClInclude>
    <ClInclude Include="..\d3d12book\Common\d3dx12.h">
      <Filter>헤더 파일</Filter>
    </ClInclude>
    <ClInclude Include="..\d3d12book\Common\DDSTextureLoader.h">
      <Filter>헤더 파일</Filter>
    </ClInclude>
    <ClInclude Include="..\d3d12book\Common\GameTimer.h">
      <Filter>헤더 파일</Filter>
    </ClInclude>
    <ClInclude Include="..\d3d12book\Common\GeometryGenerator.h">
      <Filter>헤더 파일</Filter>
    </ClInclude>
    <ClInclude Include="..\d3d12book\Common\MathHelper.h">
      <Filter>헤더 파일</Filter>
    </ClInclude>
    <ClInclude Include="..\d3d12book\Common\UploadBuffer.h">
      <Filter>헤더 파일</Filter>
    </ClInclude>
  </ItemGroup>
</Project>